// !$*UTF8*$!
{
	archiveVersion = 1;
	classes = {
	};
	objectVersion = 46;
	objects = {

/* Begin PBXBuildFile section */
		3DC889B819F2DB8100891750 /* AppDelegate.swift in Sources */ = {isa = PBXBuildFile; fileRef = 3DC889B719F2DB8100891750 /* AppDelegate.swift */; };
		3DC889BA19F2DB8100891750 /* ViewController.swift in Sources */ = {isa = PBXBuildFile; fileRef = 3DC889B919F2DB8100891750 /* ViewController.swift */; };
		3DC889BC19F2DB8100891750 /* Images.xcassets in Resources */ = {isa = PBXBuildFile; fileRef = 3DC889BB19F2DB8100891750 /* Images.xcassets */; };
		3DC889BF19F2DB8100891750 /* Main.storyboard in Resources */ = {isa = PBXBuildFile; fileRef = 3DC889BD19F2DB8100891750 /* Main.storyboard */; };
		3DC889E519F2DBDC00891750 /* CoreDataManager.swift in Sources */ = {isa = PBXBuildFile; fileRef = 3DC889E019F2DBDC00891750 /* CoreDataManager.swift */; };
		3DC889E619F2DBDC00891750 /* ManagedObjectActiveRecordExtensions.swift in Sources */ = {isa = PBXBuildFile; fileRef = 3DC889E119F2DBDC00891750 /* ManagedObjectActiveRecordExtensions.swift */; };
		3DC889E719F2DBDC00891750 /* ManagedObjectContextExtensions.swift in Sources */ = {isa = PBXBuildFile; fileRef = 3DC889E219F2DBDC00891750 /* ManagedObjectContextExtensions.swift */; };
		3DC889E819F2DBDC00891750 /* ManagedObjectMappingsExtensions.swift in Sources */ = {isa = PBXBuildFile; fileRef = 3DC889E319F2DBDC00891750 /* ManagedObjectMappingsExtensions.swift */; };
		3DC889E919F2DBDC00891750 /* SwiftRecordSugar.swift in Sources */ = {isa = PBXBuildFile; fileRef = 3DC889E419F2DBDC00891750 /* SwiftRecordSugar.swift */; };
		3DC889EE19F2DBED00891750 /* CoreDataManagerTests.swift in Sources */ = {isa = PBXBuildFile; fileRef = 3DC889EB19F2DBED00891750 /* CoreDataManagerTests.swift */; };
		3DC889EF19F2DBED00891750 /* FindersAndCreatorsTests.swift in Sources */ = {isa = PBXBuildFile; fileRef = 3DC889EC19F2DBED00891750 /* FindersAndCreatorsTests.swift */; };
		3DC889F019F2DBED00891750 /* SwiftRecordSugarTests.swift in Sources */ = {isa = PBXBuildFile; fileRef = 3DC889ED19F2DBED00891750 /* SwiftRecordSugarTests.swift */; };
		3DC889F619F2DC2B00891750 /* SampleProject.xcdatamodeld in Sources */ = {isa = PBXBuildFile; fileRef = 3DC889F419F2DC2B00891750 /* SampleProject.xcdatamodeld */; };
		3DC889F719F2DDA000891750 /* Person.swift in Sources */ = {isa = PBXBuildFile; fileRef = 3DC889F219F2DC1000891750 /* Person.swift */; };
		3DF7406B19FFEE0900821535 /* MappingsTest.swift in Sources */ = {isa = PBXBuildFile; fileRef = 3DF7406A19FFEE0900821535 /* MappingsTest.swift */; };
/* End PBXBuildFile section */

/* Begin PBXContainerItemProxy section */
		3DC889C519F2DB8200891750 /* PBXContainerItemProxy */ = {
			isa = PBXContainerItemProxy;
			containerPortal = 3DC889AA19F2DB8100891750 /* Project object */;
			proxyType = 1;
			remoteGlobalIDString = 3DC889B119F2DB8100891750;
			remoteInfo = SampleProject;
		};
/* End PBXContainerItemProxy section */

/* Begin PBXFileReference section */
		3DC889B219F2DB8100891750 /* SampleProject.app */ = {isa = PBXFileReference; explicitFileType = wrapper.application; includeInIndex = 0; path = SampleProject.app; sourceTree = BUILT_PRODUCTS_DIR; };
		3DC889B619F2DB8100891750 /* Info.plist */ = {isa = PBXFileReference; lastKnownFileType = text.plist.xml; path = Info.plist; sourceTree = "<group>"; };
		3DC889B719F2DB8100891750 /* AppDelegate.swift */ = {isa = PBXFileReference; lastKnownFileType = sourcecode.swift; path = AppDelegate.swift; sourceTree = "<group>"; };
		3DC889B919F2DB8100891750 /* ViewController.swift */ = {isa = PBXFileReference; lastKnownFileType = sourcecode.swift; path = ViewController.swift; sourceTree = "<group>"; };
		3DC889BB19F2DB8100891750 /* Images.xcassets */ = {isa = PBXFileReference; lastKnownFileType = folder.assetcatalog; path = Images.xcassets; sourceTree = "<group>"; };
		3DC889BE19F2DB8100891750 /* Base */ = {isa = PBXFileReference; lastKnownFileType = file.storyboard; name = Base; path = Base.lproj/Main.storyboard; sourceTree = "<group>"; };
		3DC889C419F2DB8200891750 /* SampleProjectTests.xctest */ = {isa = PBXFileReference; explicitFileType = wrapper.cfbundle; includeInIndex = 0; path = SampleProjectTests.xctest; sourceTree = BUILT_PRODUCTS_DIR; };
		3DC889C919F2DB8200891750 /* Info.plist */ = {isa = PBXFileReference; lastKnownFileType = text.plist.xml; path = Info.plist; sourceTree = "<group>"; };
		3DC889E019F2DBDC00891750 /* CoreDataManager.swift */ = {isa = PBXFileReference; fileEncoding = 4; lastKnownFileType = sourcecode.swift; path = CoreDataManager.swift; sourceTree = "<group>"; };
		3DC889E119F2DBDC00891750 /* ManagedObjectActiveRecordExtensions.swift */ = {isa = PBXFileReference; fileEncoding = 4; lastKnownFileType = sourcecode.swift; path = ManagedObjectActiveRecordExtensions.swift; sourceTree = "<group>"; };
		3DC889E219F2DBDC00891750 /* ManagedObjectContextExtensions.swift */ = {isa = PBXFileReference; fileEncoding = 4; lastKnownFileType = sourcecode.swift; path = ManagedObjectContextExtensions.swift; sourceTree = "<group>"; };
		3DC889E319F2DBDC00891750 /* ManagedObjectMappingsExtensions.swift */ = {isa = PBXFileReference; fileEncoding = 4; lastKnownFileType = sourcecode.swift; path = ManagedObjectMappingsExtensions.swift; sourceTree = "<group>"; };
		3DC889E419F2DBDC00891750 /* SwiftRecordSugar.swift */ = {isa = PBXFileReference; fileEncoding = 4; lastKnownFileType = sourcecode.swift; path = SwiftRecordSugar.swift; sourceTree = "<group>"; };
		3DC889EA19F2DBED00891750 /* SampleProjectTests-Bridging-Header.h */ = {isa = PBXFileReference; lastKnownFileType = sourcecode.c.h; path = "SampleProjectTests-Bridging-Header.h"; sourceTree = "<group>"; };
		3DC889EB19F2DBED00891750 /* CoreDataManagerTests.swift */ = {isa = PBXFileReference; fileEncoding = 4; lastKnownFileType = sourcecode.swift; path = CoreDataManagerTests.swift; sourceTree = "<group>"; };
		3DC889EC19F2DBED00891750 /* FindersAndCreatorsTests.swift */ = {isa = PBXFileReference; fileEncoding = 4; lastKnownFileType = sourcecode.swift; path = FindersAndCreatorsTests.swift; sourceTree = "<group>"; };
		3DC889ED19F2DBED00891750 /* SwiftRecordSugarTests.swift */ = {isa = PBXFileReference; fileEncoding = 4; lastKnownFileType = sourcecode.swift; path = SwiftRecordSugarTests.swift; sourceTree = "<group>"; };
		3DC889F219F2DC1000891750 /* Person.swift */ = {isa = PBXFileReference; fileEncoding = 4; lastKnownFileType = sourcecode.swift; path = Person.swift; sourceTree = "<group>"; };
		3DC889F519F2DC2B00891750 /* SampleProject.xcdatamodel */ = {isa = PBXFileReference; lastKnownFileType = wrapper.xcdatamodel; path = SampleProject.xcdatamodel; sourceTree = "<group>"; };
		3DF7406A19FFEE0900821535 /* MappingsTest.swift */ = {isa = PBXFileReference; fileEncoding = 4; lastKnownFileType = sourcecode.swift; path = MappingsTest.swift; sourceTree = "<group>"; };
/* End PBXFileReference section */

/* Begin PBXFrameworksBuildPhase section */
		3DC889AF19F2DB8100891750 /* Frameworks */ = {
			isa = PBXFrameworksBuildPhase;
			buildActionMask = 2147483647;
			files = (
			);
			runOnlyForDeploymentPostprocessing = 0;
		};
		3DC889C119F2DB8200891750 /* Frameworks */ = {
			isa = PBXFrameworksBuildPhase;
			buildActionMask = 2147483647;
			files = (
			);
			runOnlyForDeploymentPostprocessing = 0;
		};
/* End PBXFrameworksBuildPhase section */

/* Begin PBXGroup section */
		3DC889A919F2DB8100891750 = {
			isa = PBXGroup;
			children = (
				3DC889B419F2DB8100891750 /* SampleProject */,
				3DC889C719F2DB8200891750 /* SampleProjectTests */,
				3DC889B319F2DB8100891750 /* Products */,
			);
			sourceTree = "<group>";
		};
		3DC889B319F2DB8100891750 /* Products */ = {
			isa = PBXGroup;
			children = (
				3DC889B219F2DB8100891750 /* SampleProject.app */,
				3DC889C419F2DB8200891750 /* SampleProjectTests.xctest */,
			);
			name = Products;
			sourceTree = "<group>";
		};
		3DC889B419F2DB8100891750 /* SampleProject */ = {
			isa = PBXGroup;
			children = (
				3DC889DF19F2DBDC00891750 /* Classes */,
				3DC889B719F2DB8100891750 /* AppDelegate.swift */,
				3DC889B919F2DB8100891750 /* ViewController.swift */,
				3DC889BB19F2DB8100891750 /* Images.xcassets */,
				3DC889BD19F2DB8100891750 /* Main.storyboard */,
				3DC889F419F2DC2B00891750 /* SampleProject.xcdatamodeld */,
				3DC889F119F2DC1000891750 /* Models */,
				3DC889B519F2DB8100891750 /* Supporting Files */,
			);
			path = SampleProject;
			sourceTree = "<group>";
		};
		3DC889B519F2DB8100891750 /* Supporting Files */ = {
			isa = PBXGroup;
			children = (
				3DC889B619F2DB8100891750 /* Info.plist */,
			);
			name = "Supporting Files";
			sourceTree = "<group>";
		};
		3DC889C719F2DB8200891750 /* SampleProjectTests */ = {
			isa = PBXGroup;
			children = (
				3DC889EB19F2DBED00891750 /* CoreDataManagerTests.swift */,
				3DC889EC19F2DBED00891750 /* FindersAndCreatorsTests.swift */,
				3DF7406A19FFEE0900821535 /* MappingsTest.swift */,
				3DC889ED19F2DBED00891750 /* SwiftRecordSugarTests.swift */,
				3DC889EA19F2DBED00891750 /* SampleProjectTests-Bridging-Header.h */,
				3DC889C819F2DB8200891750 /* Supporting Files */,
			);
			path = SampleProjectTests;
			sourceTree = "<group>";
		};
		3DC889C819F2DB8200891750 /* Supporting Files */ = {
			isa = PBXGroup;
			children = (
				3DC889C919F2DB8200891750 /* Info.plist */,
			);
			name = "Supporting Files";
			sourceTree = "<group>";
		};
		3DC889DF19F2DBDC00891750 /* Classes */ = {
			isa = PBXGroup;
			children = (
				3DC889E019F2DBDC00891750 /* CoreDataManager.swift */,
				3DC889E119F2DBDC00891750 /* ManagedObjectActiveRecordExtensions.swift */,
				3DC889E219F2DBDC00891750 /* ManagedObjectContextExtensions.swift */,
				3DC889E319F2DBDC00891750 /* ManagedObjectMappingsExtensions.swift */,
				3DC889E419F2DBDC00891750 /* SwiftRecordSugar.swift */,
			);
			name = Classes;
			path = ../../Classes;
			sourceTree = "<group>";
		};
		3DC889F119F2DC1000891750 /* Models */ = {
			isa = PBXGroup;
			children = (
				3DC889F219F2DC1000891750 /* Person.swift */,
			);
			path = Models;
			sourceTree = "<group>";
		};
/* End PBXGroup section */

/* Begin PBXNativeTarget section */
		3DC889B119F2DB8100891750 /* SampleProject */ = {
			isa = PBXNativeTarget;
			buildConfigurationList = 3DC889CE19F2DB8200891750 /* Build configuration list for PBXNativeTarget "SampleProject" */;
			buildPhases = (
				3DC889AE19F2DB8100891750 /* Sources */,
				3DC889AF19F2DB8100891750 /* Frameworks */,
				3DC889B019F2DB8100891750 /* Resources */,
			);
			buildRules = (
			);
			dependencies = (
			);
			name = SampleProject;
			productName = SampleProject;
			productReference = 3DC889B219F2DB8100891750 /* SampleProject.app */;
			productType = "com.apple.product-type.application";
		};
		3DC889C319F2DB8200891750 /* SampleProjectTests */ = {
			isa = PBXNativeTarget;
			buildConfigurationList = 3DC889D119F2DB8200891750 /* Build configuration list for PBXNativeTarget "SampleProjectTests" */;
			buildPhases = (
				3DC889C019F2DB8200891750 /* Sources */,
				3DC889C119F2DB8200891750 /* Frameworks */,
				3DC889C219F2DB8200891750 /* Resources */,
			);
			buildRules = (
			);
			dependencies = (
				3DC889C619F2DB8200891750 /* PBXTargetDependency */,
			);
			name = SampleProjectTests;
			productName = SampleProjectTests;
			productReference = 3DC889C419F2DB8200891750 /* SampleProjectTests.xctest */;
			productType = "com.apple.product-type.bundle.unit-test";
		};
/* End PBXNativeTarget section */

/* Begin PBXProject section */
		3DC889AA19F2DB8100891750 /* Project object */ = {
			isa = PBXProject;
			attributes = {
				LastUpgradeCheck = 0610;
				ORGANIZATIONNAME = "Damien Glancy";
				TargetAttributes = {
					3DC889B119F2DB8100891750 = {
						CreatedOnToolsVersion = 6.1;
					};
					3DC889C319F2DB8200891750 = {
						CreatedOnToolsVersion = 6.1;
						TestTargetID = 3DC889B119F2DB8100891750;
					};
				};
			};
			buildConfigurationList = 3DC889AD19F2DB8100891750 /* Build configuration list for PBXProject "SampleProject" */;
			compatibilityVersion = "Xcode 3.2";
			developmentRegion = English;
			hasScannedForEncodings = 0;
			knownRegions = (
				en,
				Base,
			);
			mainGroup = 3DC889A919F2DB8100891750;
			productRefGroup = 3DC889B319F2DB8100891750 /* Products */;
			projectDirPath = "";
			projectRoot = "";
			targets = (
				3DC889B119F2DB8100891750 /* SampleProject */,
				3DC889C319F2DB8200891750 /* SampleProjectTests */,
			);
		};
/* End PBXProject section */

/* Begin PBXResourcesBuildPhase section */
		3DC889B019F2DB8100891750 /* Resources */ = {
			isa = PBXResourcesBuildPhase;
			buildActionMask = 2147483647;
			files = (
				3DC889BC19F2DB8100891750 /* Images.xcassets in Resources */,
				3DC889BF19F2DB8100891750 /* Main.storyboard in Resources */,
			);
			runOnlyForDeploymentPostprocessing = 0;
		};
		3DC889C219F2DB8200891750 /* Resources */ = {
			isa = PBXResourcesBuildPhase;
			buildActionMask = 2147483647;
			files = (
			);
			runOnlyForDeploymentPostprocessing = 0;
		};
/* End PBXResourcesBuildPhase section */

/* Begin PBXSourcesBuildPhase section */
		3DC889AE19F2DB8100891750 /* Sources */ = {
			isa = PBXSourcesBuildPhase;
			buildActionMask = 2147483647;
			files = (
				3DC889E719F2DBDC00891750 /* ManagedObjectContextExtensions.swift in Sources */,
				3DC889E519F2DBDC00891750 /* CoreDataManager.swift in Sources */,
				3DC889BA19F2DB8100891750 /* ViewController.swift in Sources */,
				3DC889F619F2DC2B00891750 /* SampleProject.xcdatamodeld in Sources */,
				3DC889B819F2DB8100891750 /* AppDelegate.swift in Sources */,
				3DC889E619F2DBDC00891750 /* ManagedObjectActiveRecordExtensions.swift in Sources */,
				3DC889F719F2DDA000891750 /* Person.swift in Sources */,
				3DC889E819F2DBDC00891750 /* ManagedObjectMappingsExtensions.swift in Sources */,
				3DC889E919F2DBDC00891750 /* SwiftRecordSugar.swift in Sources */,
			);
			runOnlyForDeploymentPostprocessing = 0;
		};
		3DC889C019F2DB8200891750 /* Sources */ = {
			isa = PBXSourcesBuildPhase;
			buildActionMask = 2147483647;
			files = (
				3DF7406B19FFEE0900821535 /* MappingsTest.swift in Sources */,
				3DC889EF19F2DBED00891750 /* FindersAndCreatorsTests.swift in Sources */,
				3DC889F019F2DBED00891750 /* SwiftRecordSugarTests.swift in Sources */,
				3DC889EE19F2DBED00891750 /* CoreDataManagerTests.swift in Sources */,
			);
			runOnlyForDeploymentPostprocessing = 0;
		};
/* End PBXSourcesBuildPhase section */

/* Begin PBXTargetDependency section */
		3DC889C619F2DB8200891750 /* PBXTargetDependency */ = {
			isa = PBXTargetDependency;
			target = 3DC889B119F2DB8100891750 /* SampleProject */;
			targetProxy = 3DC889C519F2DB8200891750 /* PBXContainerItemProxy */;
		};
/* End PBXTargetDependency section */

/* Begin PBXVariantGroup section */
		3DC889BD19F2DB8100891750 /* Main.storyboard */ = {
			isa = PBXVariantGroup;
			children = (
				3DC889BE19F2DB8100891750 /* Base */,
			);
			name = Main.storyboard;
			sourceTree = "<group>";
		};
/* End PBXVariantGroup section */

/* Begin XCBuildConfiguration section */
		3DC889CC19F2DB8200891750 /* Debug */ = {
			isa = XCBuildConfiguration;
			buildSettings = {
				ALWAYS_SEARCH_USER_PATHS = NO;
				CLANG_CXX_LANGUAGE_STANDARD = "gnu++0x";
				CLANG_CXX_LIBRARY = "libc++";
				CLANG_ENABLE_MODULES = YES;
				CLANG_ENABLE_OBJC_ARC = YES;
				CLANG_WARN_BOOL_CONVERSION = YES;
				CLANG_WARN_CONSTANT_CONVERSION = YES;
				CLANG_WARN_DIRECT_OBJC_ISA_USAGE = YES_ERROR;
				CLANG_WARN_EMPTY_BODY = YES;
				CLANG_WARN_ENUM_CONVERSION = YES;
				CLANG_WARN_INT_CONVERSION = YES;
				CLANG_WARN_OBJC_ROOT_CLASS = YES_ERROR;
				CLANG_WARN_UNREACHABLE_CODE = YES;
				CLANG_WARN__DUPLICATE_METHOD_MATCH = YES;
				CODE_SIGN_IDENTITY = "-";
				COPY_PHASE_STRIP = NO;
				ENABLE_STRICT_OBJC_MSGSEND = YES;
				GCC_C_LANGUAGE_STANDARD = gnu99;
				GCC_DYNAMIC_NO_PIC = NO;
				GCC_OPTIMIZATION_LEVEL = 0;
				GCC_PREPROCESSOR_DEFINITIONS = (
					"DEBUG=1",
					"$(inherited)",
				);
				GCC_SYMBOLS_PRIVATE_EXTERN = NO;
				GCC_WARN_64_TO_32_BIT_CONVERSION = YES;
				GCC_WARN_ABOUT_RETURN_TYPE = YES_ERROR;
				GCC_WARN_UNDECLARED_SELECTOR = YES;
				GCC_WARN_UNINITIALIZED_AUTOS = YES_AGGRESSIVE;
				GCC_WARN_UNUSED_FUNCTION = YES;
				GCC_WARN_UNUSED_VARIABLE = YES;
				MACOSX_DEPLOYMENT_TARGET = 10.10;
				MTL_ENABLE_DEBUG_INFO = YES;
				ONLY_ACTIVE_ARCH = YES;
				SDKROOT = macosx;
				SWIFT_OPTIMIZATION_LEVEL = "-Onone";
			};
			name = Debug;
		};
		3DC889CD19F2DB8200891750 /* Release */ = {
			isa = XCBuildConfiguration;
			buildSettings = {
				ALWAYS_SEARCH_USER_PATHS = NO;
				CLANG_CXX_LANGUAGE_STANDARD = "gnu++0x";
				CLANG_CXX_LIBRARY = "libc++";
				CLANG_ENABLE_MODULES = YES;
				CLANG_ENABLE_OBJC_ARC = YES;
				CLANG_WARN_BOOL_CONVERSION = YES;
				CLANG_WARN_CONSTANT_CONVERSION = YES;
				CLANG_WARN_DIRECT_OBJC_ISA_USAGE = YES_ERROR;
				CLANG_WARN_EMPTY_BODY = YES;
				CLANG_WARN_ENUM_CONVERSION = YES;
				CLANG_WARN_INT_CONVERSION = YES;
				CLANG_WARN_OBJC_ROOT_CLASS = YES_ERROR;
				CLANG_WARN_UNREACHABLE_CODE = YES;
				CLANG_WARN__DUPLICATE_METHOD_MATCH = YES;
				CODE_SIGN_IDENTITY = "-";
				COPY_PHASE_STRIP = YES;
				DEBUG_INFORMATION_FORMAT = "dwarf-with-dsym";
				ENABLE_NS_ASSERTIONS = NO;
				ENABLE_STRICT_OBJC_MSGSEND = YES;
				GCC_C_LANGUAGE_STANDARD = gnu99;
				GCC_WARN_64_TO_32_BIT_CONVERSION = YES;
				GCC_WARN_ABOUT_RETURN_TYPE = YES_ERROR;
				GCC_WARN_UNDECLARED_SELECTOR = YES;
				GCC_WARN_UNINITIALIZED_AUTOS = YES_AGGRESSIVE;
				GCC_WARN_UNUSED_FUNCTION = YES;
				GCC_WARN_UNUSED_VARIABLE = YES;
				MACOSX_DEPLOYMENT_TARGET = 10.10;
				MTL_ENABLE_DEBUG_INFO = NO;
				SDKROOT = macosx;
			};
			name = Release;
		};
		3DC889CF19F2DB8200891750 /* Debug */ = {
			isa = XCBuildConfiguration;
			buildSettings = {
				ASSETCATALOG_COMPILER_APPICON_NAME = AppIcon;
				COMBINE_HIDPI_IMAGES = YES;
				INFOPLIST_FILE = SampleProject/Info.plist;
				LD_RUNPATH_SEARCH_PATHS = "$(inherited) @executable_path/../Frameworks";
				PRODUCT_NAME = "$(TARGET_NAME)";
			};
			name = Debug;
		};
		3DC889D019F2DB8200891750 /* Release */ = {
			isa = XCBuildConfiguration;
			buildSettings = {
				ASSETCATALOG_COMPILER_APPICON_NAME = AppIcon;
				COMBINE_HIDPI_IMAGES = YES;
				INFOPLIST_FILE = SampleProject/Info.plist;
				LD_RUNPATH_SEARCH_PATHS = "$(inherited) @executable_path/../Frameworks";
				PRODUCT_NAME = "$(TARGET_NAME)";
			};
			name = Release;
		};
		3DC889D219F2DB8200891750 /* Debug */ = {
			isa = XCBuildConfiguration;
			buildSettings = {
				BUNDLE_LOADER = "$(TEST_HOST)";
				CLANG_ENABLE_MODULES = YES;
				COMBINE_HIDPI_IMAGES = YES;
				FRAMEWORK_SEARCH_PATHS = (
					"$(DEVELOPER_FRAMEWORKS_DIR)",
					"$(inherited)",
				);
				GCC_PREPROCESSOR_DEFINITIONS = (
					"DEBUG=1",
					"$(inherited)",
				);
				INFOPLIST_FILE = SampleProjectTests/Info.plist;
				LD_RUNPATH_SEARCH_PATHS = "$(inherited) @executable_path/../Frameworks @loader_path/../Frameworks";
				PRODUCT_NAME = "$(TARGET_NAME)";
				SWIFT_OBJC_BRIDGING_HEADER = "SampleProjectTests/SampleProjectTests-Bridging-Header.h";
				SWIFT_OPTIMIZATION_LEVEL = "-Onone";
				TEST_HOST = "$(BUILT_PRODUCTS_DIR)/SampleProject.app/Contents/MacOS/SampleProject";
			};
			name = Debug;
		};
		3DC889D319F2DB8200891750 /* Release */ = {
			isa = XCBuildConfiguration;
			buildSettings = {
				BUNDLE_LOADER = "$(TEST_HOST)";
				CLANG_ENABLE_MODULES = YES;
				COMBINE_HIDPI_IMAGES = YES;
				FRAMEWORK_SEARCH_PATHS = (
					"$(DEVELOPER_FRAMEWORKS_DIR)",
					"$(inherited)",
				);
				INFOPLIST_FILE = SampleProjectTests/Info.plist;
				LD_RUNPATH_SEARCH_PATHS = "$(inherited) @executable_path/../Frameworks @loader_path/../Frameworks";
				PRODUCT_NAME = "$(TARGET_NAME)";
				SWIFT_OBJC_BRIDGING_HEADER = "SampleProjectTests/SampleProjectTests-Bridging-Header.h";
				TEST_HOST = "$(BUILT_PRODUCTS_DIR)/SampleProject.app/Contents/MacOS/SampleProject";
			};
			name = Release;
		};
/* End XCBuildConfiguration section */

/* Begin XCConfigurationList section */
		3DC889AD19F2DB8100891750 /* Build configuration list for PBXProject "SampleProject" */ = {
			isa = XCConfigurationList;
			buildConfigurations = (
				3DC889CC19F2DB8200891750 /* Debug */,
				3DC889CD19F2DB8200891750 /* Release */,
			);
			defaultConfigurationIsVisible = 0;
			defaultConfigurationName = Release;
		};
		3DC889CE19F2DB8200891750 /* Build configuration list for PBXNativeTarget "SampleProject" */ = {
			isa = XCConfigurationList;
			buildConfigurations = (
				3DC889CF19F2DB8200891750 /* Debug */,
				3DC889D019F2DB8200891750 /* Release */,
			);
			defaultConfigurationIsVisible = 0;
			defaultConfigurationName = Release;
		};
		3DC889D119F2DB8200891750 /* Build configuration list for PBXNativeTarget "SampleProjectTests" */ = {
			isa = XCConfigurationList;
			buildConfigurations = (
				3DC889D219F2DB8200891750 /* Debug */,
				3DC889D319F2DB8200891750 /* Release */,
			);
			defaultConfigurationIsVisible = 0;
			defaultConfigurationName = Release;
		};
/* End XCConfigurationList section */

/* Begin XCVersionGroup section */
		3DC889F419F2DC2B00891750 /* SampleProject.xcdatamodeld */ = {
			isa = XCVersionGroup;
			children = (
				3DC889F519F2DC2B00891750 /* SampleProject.xcdatamodel */,
			);
			currentVersion = 3DC889F519F2DC2B00891750 /* SampleProject.xcdatamodel */;
			path = SampleProject.xcdatamodeld;
			sourceTree = "<group>";
			versionGroupType = wrapper.xcdatamodel;
		};
/* End XCVersionGroup section */
	};
	rootObject = 3DC889AA19F2DB8100891750 /* Project object */;
}
